
Microsoft Visual Studio Solution File, Format Version 12.00
# Visual Studio Version 16
VisualStudioVersion = 16.0.31624.102
MinimumVisualStudioVersion = 10.0.40219.1
Project("{FAE04EC0-301F-11D3-BF4B-00C04F79EFBC}") = "CatalogoDeJogos", "CatalogoDeJogos\CatalogoDeJogos.csproj", "{AE809389-3E2C-44C8-9869-FF9920E62245}"
EndProject
Global
	GlobalSection(SolutionConfigurationPlatforms) = preSolution
		Debug|Any CPU = Debug|Any CPU
		Release|Any CPU = Release|Any CPU
	EndGlobalSection
	GlobalSection(ProjectConfigurationPlatforms) = postSolution
		{AE809389-3E2C-44C8-9869-FF9920E62245}.Debug|Any CPU.ActiveCfg = Debug|Any CPU
		{AE809389-3E2C-44C8-9869-FF9920E62245}.Debug|Any CPU.Build.0 = Debug|Any CPU
		{AE809389-3E2C-44C8-9869-FF9920E62245}.Release|Any CPU.ActiveCfg = Release|Any CPU
		{AE809389-3E2C-44C8-9869-FF9920E62245}.Release|Any CPU.Build.0 = Release|Any CPU
	EndGlobalSection
	GlobalSection(SolutionProperties) = preSolution
		HideSolutionNode = FALSE
	EndGlobalSection
	GlobalSection(ExtensibilityGlobals) = postSolution
		SolutionGuid = {7785ACCD-55CC-4FB8-B5DD-0FF225E8B67E}
	EndGlobalSection
EndGlobal
